
Microsoft Visual Studio Solution File, Format Version 12.00
# Visual Studio Version 17
VisualStudioVersion = 17.9.34728.123
MinimumVisualStudioVersion = 10.0.40219.1
Project("{9A19103F-16F7-4668-BE54-9A1E7A4F7556}") = "Infrastructure", "Infrastructure\Infrastructure.csproj", "{68C86EBB-A66E-4F1B-A06F-FD6E8AD1DBE2}"
EndProject
Project("{9A19103F-16F7-4668-BE54-9A1E7A4F7556}") = "API", "API\API.csproj", "{30D64A76-E16E-44FB-8154-8FB3800CC62F}"
EndProject
Project("{9A19103F-16F7-4668-BE54-9A1E7A4F7556}") = "Application", "Application\Application.csproj", "{21AA6205-C144-4BD6-94E7-AA8676085849}"
EndProject
Project("{9A19103F-16F7-4668-BE54-9A1E7A4F7556}") = "Domain", "Domain\Domain.csproj", "{606F967F-AD7C-4C13-A599-438C2B8397C2}"
EndProject
Project("{FAE04EC0-301F-11D3-BF4B-00C04F79EFBC}") = "Persistence", "Persistence\Persistence.csproj", "{ADBB0A5D-761C-4C32-A132-E21CF26232A7}"
EndProject
Global
	GlobalSection(SolutionConfigurationPlatforms) = preSolution
		Debug|Any CPU = Debug|Any CPU
		Release|Any CPU = Release|Any CPU
	EndGlobalSection
	GlobalSection(ProjectConfigurationPlatforms) = postSolution
		{68C86EBB-A66E-4F1B-A06F-FD6E8AD1DBE2}.Debug|Any CPU.ActiveCfg = Debug|Any CPU
		{68C86EBB-A66E-4F1B-A06F-FD6E8AD1DBE2}.Debug|Any CPU.Build.0 = Debug|Any CPU
		{68C86EBB-A66E-4F1B-A06F-FD6E8AD1DBE2}.Release|Any CPU.ActiveCfg = Release|Any CPU
		{68C86EBB-A66E-4F1B-A06F-FD6E8AD1DBE2}.Release|Any CPU.Build.0 = Release|Any CPU
		{30D64A76-E16E-44FB-8154-8FB3800CC62F}.Debug|Any CPU.ActiveCfg = Debug|Any CPU
		{30D64A76-E16E-44FB-8154-8FB3800CC62F}.Debug|Any CPU.Build.0 = Debug|Any CPU
		{30D64A76-E16E-44FB-8154-8FB3800CC62F}.Release|Any CPU.ActiveCfg = Release|Any CPU
		{30D64A76-E16E-44FB-8154-8FB3800CC62F}.Release|Any CPU.Build.0 = Release|Any CPU
		{21AA6205-C144-4BD6-94E7-AA8676085849}.Debug|Any CPU.ActiveCfg = Debug|Any CPU
		{21AA6205-C144-4BD6-94E7-AA8676085849}.Debug|Any CPU.Build.0 = Debug|Any CPU
		{21AA6205-C144-4BD6-94E7-AA8676085849}.Release|Any CPU.ActiveCfg = Release|Any CPU
		{21AA6205-C144-4BD6-94E7-AA8676085849}.Release|Any CPU.Build.0 = Release|Any CPU
		{606F967F-AD7C-4C13-A599-438C2B8397C2}.Debug|Any CPU.ActiveCfg = Debug|Any CPU
		{606F967F-AD7C-4C13-A599-438C2B8397C2}.Debug|Any CPU.Build.0 = Debug|Any CPU
		{606F967F-AD7C-4C13-A599-438C2B8397C2}.Release|Any CPU.ActiveCfg = Release|Any CPU
		{606F967F-AD7C-4C13-A599-438C2B8397C2}.Release|Any CPU.Build.0 = Release|Any CPU
		{ADBB0A5D-761C-4C32-A132-E21CF26232A7}.Debug|Any CPU.ActiveCfg = Debug|Any CPU
		{ADBB0A5D-761C-4C32-A132-E21CF26232A7}.Debug|Any CPU.Build.0 = Debug|Any CPU
		{ADBB0A5D-761C-4C32-A132-E21CF26232A7}.Release|Any CPU.ActiveCfg = Release|Any CPU
		{ADBB0A5D-761C-4C32-A132-E21CF26232A7}.Release|Any CPU.Build.0 = Release|Any CPU
	EndGlobalSection
	GlobalSection(SolutionProperties) = preSolution
		HideSolutionNode = FALSE
	EndGlobalSection
	GlobalSection(ExtensibilityGlobals) = postSolution
		SolutionGuid = {DDD9CB6F-8600-40DF-BD5B-0C20EF11819A}
	EndGlobalSection
EndGlobal
